
Microsoft Visual Studio Solution File, Format Version 12.00
# Visual Studio Version 17
VisualStudioVersion = 17.12.35506.116
MinimumVisualStudioVersion = 10.0.40219.1
Project("{FAE04EC0-301F-11D3-BF4B-00C04F79EFBC}") = "Korn.Bootstrapper", "Korn.Bootstrapper\Korn.Bootstrapper.csproj", "{ED077A2F-E961-4CF9-B57A-A255C7D80B45}"
EndProject
Project("{FAE04EC0-301F-11D3-BF4B-00C04F79EFBC}") = "Korn.Bootstrapper.netcore", "Korn.Bootstrapper.netcore\Korn.Bootstrapper.netcore.csproj", "{9C757F14-E069-45AD-B4A7-C95D04C11D5F}"
EndProject
Project("{FAE04EC0-301F-11D3-BF4B-00C04F79EFBC}") = "TestNetframeworkLibrary", "TestNetframeworkLibrary\TestNetframeworkLibrary.csproj", "{7B449A91-78E9-42A0-890B-6012B081692C}"
EndProject
Project("{2150E333-8FDC-42A3-9474-1A3956D46DE8}") = ".net", ".net", "{A8EA1DC5-7CAD-4CB0-B900-3E4B81258FC7}"
EndProject
Project("{2150E333-8FDC-42A3-9474-1A3956D46DE8}") = ".netframework", ".netframework", "{C1C987F3-E428-4C98-82C6-AEE2AAF54AB8}"
EndProject
Project("{2150E333-8FDC-42A3-9474-1A3956D46DE8}") = "Korn", "Korn", "{E1C1916E-8AAF-4BC1-8650-9EC5583E7000}"
EndProject
Project("{FAE04EC0-301F-11D3-BF4B-00C04F79EFBC}") = "Korn.Utils.System", "..\Korn.Utils.System\Korn.Utils.System\Korn.Utils.System.csproj", "{2B89895F-B543-492C-BBCB-7ECB8223F62C}"
EndProject
Project("{FAE04EC0-301F-11D3-BF4B-00C04F79EFBC}") = "Korn.Logger", "..\Korn.Logger\Korn.Logger\Korn.Logger.csproj", "{6D66A3C3-608D-454F-9E73-28427F239DF8}"
EndProject
Project("{FAE04EC0-301F-11D3-BF4B-00C04F79EFBC}") = "Korn.Plugins.Core", "..\Korn.Plugins.Core\Korn.Plugins.Core\Korn.Plugins.Core.csproj", "{0F6D2187-5F31-4D1C-A940-FACE89FE070D}"
EndProject
Project("{FAE04EC0-301F-11D3-BF4B-00C04F79EFBC}") = "Korn.Plugins.ExternalInterface", "..\Korn.Plugins.ExternalInterface\Korn.Plugins.ExternalInterface\Korn.Plugins.ExternalInterface.csproj", "{C7BE4021-0F57-4287-ACB4-73737835C633}"
EndProject
Project("{FAE04EC0-301F-11D3-BF4B-00C04F79EFBC}") = "TestConsoleApp", "TestConsoleApp\TestConsoleApp.csproj", "{D2EE4A17-75B1-4778-BE02-FFB7888A45D8}"
EndProject
Global
	GlobalSection(SolutionConfigurationPlatforms) = preSolution
		Debug|Any CPU = Debug|Any CPU
		Debug|x64 = Debug|x64
		Release|Any CPU = Release|Any CPU
		Release|x64 = Release|x64
	EndGlobalSection
	GlobalSection(ProjectConfigurationPlatforms) = postSolution
		{ED077A2F-E961-4CF9-B57A-A255C7D80B45}.Debug|Any CPU.ActiveCfg = Debug|Any CPU
		{ED077A2F-E961-4CF9-B57A-A255C7D80B45}.Debug|Any CPU.Build.0 = Debug|Any CPU
		{ED077A2F-E961-4CF9-B57A-A255C7D80B45}.Debug|x64.ActiveCfg = Debug|x64
		{ED077A2F-E961-4CF9-B57A-A255C7D80B45}.Debug|x64.Build.0 = Debug|x64
		{ED077A2F-E961-4CF9-B57A-A255C7D80B45}.Release|Any CPU.ActiveCfg = Release|Any CPU
		{ED077A2F-E961-4CF9-B57A-A255C7D80B45}.Release|Any CPU.Build.0 = Release|Any CPU
		{ED077A2F-E961-4CF9-B57A-A255C7D80B45}.Release|x64.ActiveCfg = Release|Any CPU
		{ED077A2F-E961-4CF9-B57A-A255C7D80B45}.Release|x64.Build.0 = Release|Any CPU
		{9C757F14-E069-45AD-B4A7-C95D04C11D5F}.Debug|Any CPU.ActiveCfg = Debug|Any CPU
		{9C757F14-E069-45AD-B4A7-C95D04C11D5F}.Debug|Any CPU.Build.0 = Debug|Any CPU
		{9C757F14-E069-45AD-B4A7-C95D04C11D5F}.Debug|x64.ActiveCfg = Debug|x64
		{9C757F14-E069-45AD-B4A7-C95D04C11D5F}.Debug|x64.Build.0 = Debug|x64
		{9C757F14-E069-45AD-B4A7-C95D04C11D5F}.Release|Any CPU.ActiveCfg = Release|Any CPU
		{9C757F14-E069-45AD-B4A7-C95D04C11D5F}.Release|Any CPU.Build.0 = Release|Any CPU
		{9C757F14-E069-45AD-B4A7-C95D04C11D5F}.Release|x64.ActiveCfg = Release|Any CPU
		{9C757F14-E069-45AD-B4A7-C95D04C11D5F}.Release|x64.Build.0 = Release|Any CPU
		{7B449A91-78E9-42A0-890B-6012B081692C}.Debug|Any CPU.ActiveCfg = Debug|Any CPU
		{7B449A91-78E9-42A0-890B-6012B081692C}.Debug|Any CPU.Build.0 = Debug|Any CPU
		{7B449A91-78E9-42A0-890B-6012B081692C}.Debug|x64.ActiveCfg = Debug|x64
		{7B449A91-78E9-42A0-890B-6012B081692C}.Debug|x64.Build.0 = Debug|x64
		{7B449A91-78E9-42A0-890B-6012B081692C}.Release|Any CPU.ActiveCfg = Release|Any CPU
		{7B449A91-78E9-42A0-890B-6012B081692C}.Release|Any CPU.Build.0 = Release|Any CPU
		{7B449A91-78E9-42A0-890B-6012B081692C}.Release|x64.ActiveCfg = Release|Any CPU
		{7B449A91-78E9-42A0-890B-6012B081692C}.Release|x64.Build.0 = Release|Any CPU
		{2B89895F-B543-492C-BBCB-7ECB8223F62C}.Debug|Any CPU.ActiveCfg = Debug|x64
		{2B89895F-B543-492C-BBCB-7ECB8223F62C}.Debug|Any CPU.Build.0 = Debug|x64
		{2B89895F-B543-492C-BBCB-7ECB8223F62C}.Debug|x64.ActiveCfg = Debug|x64
		{2B89895F-B543-492C-BBCB-7ECB8223F62C}.Debug|x64.Build.0 = Debug|x64
		{2B89895F-B543-492C-BBCB-7ECB8223F62C}.Release|Any CPU.ActiveCfg = Release|x64
		{2B89895F-B543-492C-BBCB-7ECB8223F62C}.Release|Any CPU.Build.0 = Release|x64
		{2B89895F-B543-492C-BBCB-7ECB8223F62C}.Release|x64.ActiveCfg = Release|x64
		{2B89895F-B543-492C-BBCB-7ECB8223F62C}.Release|x64.Build.0 = Release|x64
		{6D66A3C3-608D-454F-9E73-28427F239DF8}.Debug|Any CPU.ActiveCfg = Debug|Any CPU
		{6D66A3C3-608D-454F-9E73-28427F239DF8}.Debug|Any CPU.Build.0 = Debug|Any CPU
		{6D66A3C3-608D-454F-9E73-28427F239DF8}.Debug|x64.ActiveCfg = Debug|x64
		{6D66A3C3-608D-454F-9E73-28427F239DF8}.Debug|x64.Build.0 = Debug|x64
		{6D66A3C3-608D-454F-9E73-28427F239DF8}.Release|Any CPU.ActiveCfg = Release|Any CPU
		{6D66A3C3-608D-454F-9E73-28427F239DF8}.Release|Any CPU.Build.0 = Release|Any CPU
		{6D66A3C3-608D-454F-9E73-28427F239DF8}.Release|x64.ActiveCfg = Release|Any CPU
		{6D66A3C3-608D-454F-9E73-28427F239DF8}.Release|x64.Build.0 = Release|Any CPU
		{0F6D2187-5F31-4D1C-A940-FACE89FE070D}.Debug|Any CPU.ActiveCfg = Debug|Any CPU
		{0F6D2187-5F31-4D1C-A940-FACE89FE070D}.Debug|Any CPU.Build.0 = Debug|Any CPU
		{0F6D2187-5F31-4D1C-A940-FACE89FE070D}.Debug|x64.ActiveCfg = Debug|x64
		{0F6D2187-5F31-4D1C-A940-FACE89FE070D}.Debug|x64.Build.0 = Debug|x64
		{0F6D2187-5F31-4D1C-A940-FACE89FE070D}.Release|Any CPU.ActiveCfg = Release|Any CPU
		{0F6D2187-5F31-4D1C-A940-FACE89FE070D}.Release|Any CPU.Build.0 = Release|Any CPU
		{0F6D2187-5F31-4D1C-A940-FACE89FE070D}.Release|x64.ActiveCfg = Release|Any CPU
		{0F6D2187-5F31-4D1C-A940-FACE89FE070D}.Release|x64.Build.0 = Release|Any CPU
		{C7BE4021-0F57-4287-ACB4-73737835C633}.Debug|Any CPU.ActiveCfg = Debug|x64
		{C7BE4021-0F57-4287-ACB4-73737835C633}.Debug|Any CPU.Build.0 = Debug|x64
		{C7BE4021-0F57-4287-ACB4-73737835C633}.Debug|x64.ActiveCfg = Debug|x64
		{C7BE4021-0F57-4287-ACB4-73737835C633}.Debug|x64.Build.0 = Debug|x64
		{C7BE4021-0F57-4287-ACB4-73737835C633}.Release|Any CPU.ActiveCfg = Release|x64
		{C7BE4021-0F57-4287-ACB4-73737835C633}.Release|Any CPU.Build.0 = Release|x64
		{C7BE4021-0F57-4287-ACB4-73737835C633}.Release|x64.ActiveCfg = Release|x64
		{C7BE4021-0F57-4287-ACB4-73737835C633}.Release|x64.Build.0 = Release|x64
		{D2EE4A17-75B1-4778-BE02-FFB7888A45D8}.Debug|Any CPU.ActiveCfg = Debug|Any CPU
		{D2EE4A17-75B1-4778-BE02-FFB7888A45D8}.Debug|Any CPU.Build.0 = Debug|Any CPU
		{D2EE4A17-75B1-4778-BE02-FFB7888A45D8}.Debug|x64.ActiveCfg = Debug|Any CPU
		{D2EE4A17-75B1-4778-BE02-FFB7888A45D8}.Debug|x64.Build.0 = Debug|Any CPU
		{D2EE4A17-75B1-4778-BE02-FFB7888A45D8}.Release|Any CPU.ActiveCfg = Release|Any CPU
		{D2EE4A17-75B1-4778-BE02-FFB7888A45D8}.Release|Any CPU.Build.0 = Release|Any CPU
		{D2EE4A17-75B1-4778-BE02-FFB7888A45D8}.Release|x64.ActiveCfg = Release|Any CPU
		{D2EE4A17-75B1-4778-BE02-FFB7888A45D8}.Release|x64.Build.0 = Release|Any CPU
	EndGlobalSection
	GlobalSection(SolutionProperties) = preSolution
		HideSolutionNode = FALSE
	EndGlobalSection
	GlobalSection(NestedProjects) = preSolution
		{ED077A2F-E961-4CF9-B57A-A255C7D80B45} = {A8EA1DC5-7CAD-4CB0-B900-3E4B81258FC7}
		{9C757F14-E069-45AD-B4A7-C95D04C11D5F} = {C1C987F3-E428-4C98-82C6-AEE2AAF54AB8}
		{7B449A91-78E9-42A0-890B-6012B081692C} = {C1C987F3-E428-4C98-82C6-AEE2AAF54AB8}
		{E1C1916E-8AAF-4BC1-8650-9EC5583E7000} = {A8EA1DC5-7CAD-4CB0-B900-3E4B81258FC7}
		{2B89895F-B543-492C-BBCB-7ECB8223F62C} = {E1C1916E-8AAF-4BC1-8650-9EC5583E7000}
		{6D66A3C3-608D-454F-9E73-28427F239DF8} = {E1C1916E-8AAF-4BC1-8650-9EC5583E7000}
		{0F6D2187-5F31-4D1C-A940-FACE89FE070D} = {E1C1916E-8AAF-4BC1-8650-9EC5583E7000}
		{C7BE4021-0F57-4287-ACB4-73737835C633} = {E1C1916E-8AAF-4BC1-8650-9EC5583E7000}
		{D2EE4A17-75B1-4778-BE02-FFB7888A45D8} = {C1C987F3-E428-4C98-82C6-AEE2AAF54AB8}
	EndGlobalSection
EndGlobal
