
Microsoft Visual Studio Solution File, Format Version 12.00
# Visual Studio Version 17
VisualStudioVersion = 17.12.35506.116
MinimumVisualStudioVersion = 10.0.40219.1
Project("{FAE04EC0-301F-11D3-BF4B-00C04F79EFBC}") = "Korn.Bootstrapper", "Korn.Bootstrapper\Korn.Bootstrapper.csproj", "{ED077A2F-E961-4CF9-B57A-A255C7D80B45}"
EndProject
Project("{2150E333-8FDC-42A3-9474-1A3956D46DE8}") = "Korn", "Korn", "{E1C1916E-8AAF-4BC1-8650-9EC5583E7000}"
EndProject
Project("{FAE04EC0-301F-11D3-BF4B-00C04F79EFBC}") = "Korn.Plugins.Core", "..\Korn.Plugins.Core\Korn.Plugins.Core\Korn.Plugins.Core.csproj", "{0F6D2187-5F31-4D1C-A940-FACE89FE070D}"
EndProject
Project("{FAE04EC0-301F-11D3-BF4B-00C04F79EFBC}") = "Korn.Core", "..\Korn.Core\Korn.Core\Korn.Core.csproj", "{52EBE097-8D08-4AF8-A480-01B774CD623A}"
EndProject
Project("{FAE04EC0-301F-11D3-BF4B-00C04F79EFBC}") = "Korn.Modules.Algorithms", "..\Korn.Modules.Algorithms\Korn.Modules.Algorithms\Korn.Modules.Algorithms.csproj", "{BE5B7F72-1C2F-4422-97AE-4CFAE1530CAA}"
EndProject
Project("{FAE04EC0-301F-11D3-BF4B-00C04F79EFBC}") = "Korn.Modules.Assembler", "..\Korn.Modules.Assembler\Korn.Modules.Assembler\Korn.Modules.Assembler.csproj", "{DA0CB918-936D-4D09-A568-DFF95DA75BCE}"
EndProject
Project("{FAE04EC0-301F-11D3-BF4B-00C04F79EFBC}") = "Korn.Hooking", "..\Korn.Hooking\Korn.Hooking\Korn.Hooking.csproj", "{CBEC12CC-AA1F-43BD-B6F7-E2EF33E4BD79}"
EndProject
Project("{FAE04EC0-301F-11D3-BF4B-00C04F79EFBC}") = "Korn.Utils.Memory", "..\Korn.Utils.Memory\Korn.Utils.Memory\Korn.Utils.Memory.csproj", "{2663F085-C1FB-4FC5-A7A9-CCDF87B4262A}"
EndProject
Project("{FAE04EC0-301F-11D3-BF4B-00C04F79EFBC}") = "Korn.Utils.System", "..\Korn.Utils.System\Korn.Utils.System\Korn.Utils.System.csproj", "{75F43080-42FA-4DAB-8D4B-725E1C0B6DD0}"
EndProject
Project("{FAE04EC0-301F-11D3-BF4B-00C04F79EFBC}") = "Korn.Utils.Process", "..\Korn.Utils.Process\Korn.Utils.Process\Korn.Utils.Process.csproj", "{B56BB8B8-3DEE-46EA-B0F9-01AC82B8D3A5}"
EndProject
Project("{FAE04EC0-301F-11D3-BF4B-00C04F79EFBC}") = "Korn.Utils.PEImageReader", "..\Korn.Utils.PEImageReader\Korn.Utils.PEImageReader\Korn.Utils.PEImageReader.csproj", "{545E263F-414A-4344-BC82-921CBE66C144}"
EndProject
Project("{FAE04EC0-301F-11D3-BF4B-00C04F79EFBC}") = "Korn.Modules.Com", "..\Korn.Modules.Com\Korn.Modules.Com\Korn.Modules.Com.csproj", "{C755ACAD-FDB2-44C4-B00E-0F50E53FE202}"
EndProject
Global
	GlobalSection(SolutionConfigurationPlatforms) = preSolution
		Debug|x64 = Debug|x64
	EndGlobalSection
	GlobalSection(ProjectConfigurationPlatforms) = postSolution
		{ED077A2F-E961-4CF9-B57A-A255C7D80B45}.Debug|x64.ActiveCfg = Debug|x64
		{ED077A2F-E961-4CF9-B57A-A255C7D80B45}.Debug|x64.Build.0 = Debug|x64
		{0F6D2187-5F31-4D1C-A940-FACE89FE070D}.Debug|x64.ActiveCfg = Debug|x64
		{0F6D2187-5F31-4D1C-A940-FACE89FE070D}.Debug|x64.Build.0 = Debug|x64
		{52EBE097-8D08-4AF8-A480-01B774CD623A}.Debug|x64.ActiveCfg = Debug|x64
		{52EBE097-8D08-4AF8-A480-01B774CD623A}.Debug|x64.Build.0 = Debug|x64
		{BE5B7F72-1C2F-4422-97AE-4CFAE1530CAA}.Debug|x64.ActiveCfg = Debug|x64
		{BE5B7F72-1C2F-4422-97AE-4CFAE1530CAA}.Debug|x64.Build.0 = Debug|x64
		{DA0CB918-936D-4D09-A568-DFF95DA75BCE}.Debug|x64.ActiveCfg = Debug|x64
		{DA0CB918-936D-4D09-A568-DFF95DA75BCE}.Debug|x64.Build.0 = Debug|x64
		{CBEC12CC-AA1F-43BD-B6F7-E2EF33E4BD79}.Debug|x64.ActiveCfg = Debug|x64
		{CBEC12CC-AA1F-43BD-B6F7-E2EF33E4BD79}.Debug|x64.Build.0 = Debug|x64
		{2663F085-C1FB-4FC5-A7A9-CCDF87B4262A}.Debug|x64.ActiveCfg = Debug|x64
		{2663F085-C1FB-4FC5-A7A9-CCDF87B4262A}.Debug|x64.Build.0 = Debug|x64
		{75F43080-42FA-4DAB-8D4B-725E1C0B6DD0}.Debug|x64.ActiveCfg = Debug|x64
		{75F43080-42FA-4DAB-8D4B-725E1C0B6DD0}.Debug|x64.Build.0 = Debug|x64
		{B56BB8B8-3DEE-46EA-B0F9-01AC82B8D3A5}.Debug|x64.ActiveCfg = Debug|x64
		{B56BB8B8-3DEE-46EA-B0F9-01AC82B8D3A5}.Debug|x64.Build.0 = Debug|x64
		{545E263F-414A-4344-BC82-921CBE66C144}.Debug|x64.ActiveCfg = Debug|x64
		{545E263F-414A-4344-BC82-921CBE66C144}.Debug|x64.Build.0 = Debug|x64
		{C755ACAD-FDB2-44C4-B00E-0F50E53FE202}.Debug|x64.ActiveCfg = Debug|x64
		{C755ACAD-FDB2-44C4-B00E-0F50E53FE202}.Debug|x64.Build.0 = Debug|x64
	EndGlobalSection
	GlobalSection(SolutionProperties) = preSolution
		HideSolutionNode = FALSE
	EndGlobalSection
	GlobalSection(NestedProjects) = preSolution
		{0F6D2187-5F31-4D1C-A940-FACE89FE070D} = {E1C1916E-8AAF-4BC1-8650-9EC5583E7000}
		{52EBE097-8D08-4AF8-A480-01B774CD623A} = {E1C1916E-8AAF-4BC1-8650-9EC5583E7000}
		{BE5B7F72-1C2F-4422-97AE-4CFAE1530CAA} = {E1C1916E-8AAF-4BC1-8650-9EC5583E7000}
		{DA0CB918-936D-4D09-A568-DFF95DA75BCE} = {E1C1916E-8AAF-4BC1-8650-9EC5583E7000}
		{CBEC12CC-AA1F-43BD-B6F7-E2EF33E4BD79} = {E1C1916E-8AAF-4BC1-8650-9EC5583E7000}
		{2663F085-C1FB-4FC5-A7A9-CCDF87B4262A} = {E1C1916E-8AAF-4BC1-8650-9EC5583E7000}
		{75F43080-42FA-4DAB-8D4B-725E1C0B6DD0} = {E1C1916E-8AAF-4BC1-8650-9EC5583E7000}
		{B56BB8B8-3DEE-46EA-B0F9-01AC82B8D3A5} = {E1C1916E-8AAF-4BC1-8650-9EC5583E7000}
		{545E263F-414A-4344-BC82-921CBE66C144} = {E1C1916E-8AAF-4BC1-8650-9EC5583E7000}
		{C755ACAD-FDB2-44C4-B00E-0F50E53FE202} = {E1C1916E-8AAF-4BC1-8650-9EC5583E7000}
	EndGlobalSection
EndGlobal
