
Microsoft Visual Studio Solution File, Format Version 12.00
# Visual Studio Version 17
VisualStudioVersion = 17.12.35506.116
MinimumVisualStudioVersion = 10.0.40219.1
Project("{FAE04EC0-301F-11D3-BF4B-00C04F79EFBC}") = "Korn.Bootstrapper", "Korn.Bootstrapper\Korn.Bootstrapper.csproj", "{ED077A2F-E961-4CF9-B57A-A255C7D80B45}"
EndProject
Project("{2150E333-8FDC-42A3-9474-1A3956D46DE8}") = "Korn", "Korn", "{E1C1916E-8AAF-4BC1-8650-9EC5583E7000}"
EndProject
Project("{FAE04EC0-301F-11D3-BF4B-00C04F79EFBC}") = "Korn.Plugins.Core", "..\Korn.Plugins.Core\Korn.Plugins.Core\Korn.Plugins.Core.csproj", "{0F6D2187-5F31-4D1C-A940-FACE89FE070D}"
EndProject
Project("{FAE04EC0-301F-11D3-BF4B-00C04F79EFBC}") = "Korn.Core", "..\Korn.Core\Korn.Core\Korn.Core.csproj", "{52EBE097-8D08-4AF8-A480-01B774CD623A}"
EndProject
Global
	GlobalSection(SolutionConfigurationPlatforms) = preSolution
		Debug|Any CPU = Debug|Any CPU
		Debug|x64 = Debug|x64
		Release|Any CPU = Release|Any CPU
		Release|x64 = Release|x64
	EndGlobalSection
	GlobalSection(ProjectConfigurationPlatforms) = postSolution
		{ED077A2F-E961-4CF9-B57A-A255C7D80B45}.Debug|Any CPU.ActiveCfg = Debug|Any CPU
		{ED077A2F-E961-4CF9-B57A-A255C7D80B45}.Debug|Any CPU.Build.0 = Debug|Any CPU
		{ED077A2F-E961-4CF9-B57A-A255C7D80B45}.Debug|x64.ActiveCfg = Debug|x64
		{ED077A2F-E961-4CF9-B57A-A255C7D80B45}.Debug|x64.Build.0 = Debug|x64
		{ED077A2F-E961-4CF9-B57A-A255C7D80B45}.Release|Any CPU.ActiveCfg = Release|Any CPU
		{ED077A2F-E961-4CF9-B57A-A255C7D80B45}.Release|Any CPU.Build.0 = Release|Any CPU
		{ED077A2F-E961-4CF9-B57A-A255C7D80B45}.Release|x64.ActiveCfg = Release|Any CPU
		{ED077A2F-E961-4CF9-B57A-A255C7D80B45}.Release|x64.Build.0 = Release|Any CPU
		{0F6D2187-5F31-4D1C-A940-FACE89FE070D}.Debug|Any CPU.ActiveCfg = Debug|Any CPU
		{0F6D2187-5F31-4D1C-A940-FACE89FE070D}.Debug|Any CPU.Build.0 = Debug|Any CPU
		{0F6D2187-5F31-4D1C-A940-FACE89FE070D}.Debug|x64.ActiveCfg = Debug|x64
		{0F6D2187-5F31-4D1C-A940-FACE89FE070D}.Debug|x64.Build.0 = Debug|x64
		{0F6D2187-5F31-4D1C-A940-FACE89FE070D}.Release|Any CPU.ActiveCfg = Release|Any CPU
		{0F6D2187-5F31-4D1C-A940-FACE89FE070D}.Release|Any CPU.Build.0 = Release|Any CPU
		{0F6D2187-5F31-4D1C-A940-FACE89FE070D}.Release|x64.ActiveCfg = Release|Any CPU
		{0F6D2187-5F31-4D1C-A940-FACE89FE070D}.Release|x64.Build.0 = Release|Any CPU
		{52EBE097-8D08-4AF8-A480-01B774CD623A}.Debug|Any CPU.ActiveCfg = Debug|x64
		{52EBE097-8D08-4AF8-A480-01B774CD623A}.Debug|Any CPU.Build.0 = Debug|x64
		{52EBE097-8D08-4AF8-A480-01B774CD623A}.Debug|x64.ActiveCfg = Debug|x64
		{52EBE097-8D08-4AF8-A480-01B774CD623A}.Debug|x64.Build.0 = Debug|x64
		{52EBE097-8D08-4AF8-A480-01B774CD623A}.Release|Any CPU.ActiveCfg = Release|x64
		{52EBE097-8D08-4AF8-A480-01B774CD623A}.Release|Any CPU.Build.0 = Release|x64
		{52EBE097-8D08-4AF8-A480-01B774CD623A}.Release|x64.ActiveCfg = Release|x64
		{52EBE097-8D08-4AF8-A480-01B774CD623A}.Release|x64.Build.0 = Release|x64
	EndGlobalSection
	GlobalSection(SolutionProperties) = preSolution
		HideSolutionNode = FALSE
	EndGlobalSection
	GlobalSection(NestedProjects) = preSolution
		{0F6D2187-5F31-4D1C-A940-FACE89FE070D} = {E1C1916E-8AAF-4BC1-8650-9EC5583E7000}
		{52EBE097-8D08-4AF8-A480-01B774CD623A} = {E1C1916E-8AAF-4BC1-8650-9EC5583E7000}
	EndGlobalSection
EndGlobal
